{
    "_readme": [
        "This file locks the dependencies of your project to a known state",
        "Read more about it at https://getcomposer.org/doc/01-basic-usage.md#installing-dependencies",
        "This file is @generated automatically"
    ],
    "content-hash": "02a7810044ccea8e429b2cd64b2f2819",
    "packages": [
        {
            "name": "components/jquery",
            "version": "3.5.1",
            "source": {
                "type": "git",
                "url": "https://github.com/components/jquery.git",
                "reference": "b33e8f0f9a1cb2ae390cf05d766a900b53d2125b"
            },
            "dist": {
                "type": "zip",
                "url": "https://api.github.com/repos/components/jquery/zipball/b33e8f0f9a1cb2ae390cf05d766a900b53d2125b",
                "reference": "b33e8f0f9a1cb2ae390cf05d766a900b53d2125b",
                "shasum": ""
            },
            "type": "component",
            "extra": {
                "component": {
                    "scripts": [
                        "jquery.js"
                    ],
                    "files": [
                        "jquery.min.js",
                        "jquery.min.map",
                        "jquery.slim.js",
                        "jquery.slim.min.js",
                        "jquery.slim.min.map"
                    ]
                }
            },
            "notification-url": "https://packagist.org/downloads/",
            "license": [
                "MIT"
            ],
            "authors": [
                {
                    "name": "JS Foundation and other contributors"
                }
            ],
            "description": "jQuery JavaScript Library",
            "homepage": "http://jquery.com",
            "time": "2020-05-05T13:21:02+00:00"
        },
        {
            "name": "tatter/accounts",
            "version": "v1.0.4",
            "source": {
                "type": "git",
                "url": "https://github.com/tattersoftware/codeigniter4-accounts.git",
                "reference": "aa96bbba073877bafc7140fde2efa41159042fdc"
            },
            "dist": {
                "type": "zip",
                "url": "https://api.github.com/repos/tattersoftware/codeigniter4-accounts/zipball/aa96bbba073877bafc7140fde2efa41159042fdc",
                "reference": "aa96bbba073877bafc7140fde2efa41159042fdc",
                "shasum": ""
            },
            "require": {
                "php": "^7.2"
            },
            "require-dev": {
                "codeigniter4/codeigniter4": "dev-develop",
                "fzaninotto/faker": "^1.9@dev",
                "mockery/mockery": "^1.0",
                "myth/auth": "dev-develop",
                "phpunit/phpunit": "^7.0",
                "stripe/stripe-php": "^7.14"
            },
            "type": "library",
            "autoload": {
                "psr-4": {
                    "Tatter\\Accounts\\": "src"
                }
            },
            "notification-url": "https://packagist.org/downloads/",
            "license": [
                "MIT"
            ],
            "authors": [
                {
                    "name": "Matthew Gatner",
                    "email": "mgatner@tattersoftware.com",
                    "homepage": "https://tattersoftware.com",
                    "role": "Developer"
                }
            ],
            "description": "Multi-service account management for CodeIgniter 4",
            "homepage": "https://github.com/tattersoftware/codeigniter4-accounts",
            "keywords": [
                "Users",
                "accounts",
                "codeigniter",
                "codeigniter4",
                "management"
            ],
            "time": "2020-03-22T18:50:03+00:00"
        },
        {
            "name": "tatter/assets",
            "version": "v2.2.1",
            "source": {
                "type": "git",
                "url": "https://github.com/tattersoftware/codeigniter4-assets.git",
                "reference": "dc491682c5c919bedadb5c61e31af632800a3e53"
            },
            "dist": {
                "type": "zip",
                "url": "https://api.github.com/repos/tattersoftware/codeigniter4-assets/zipball/dc491682c5c919bedadb5c61e31af632800a3e53",
                "reference": "dc491682c5c919bedadb5c61e31af632800a3e53",
                "shasum": ""
            },
            "require": {
                "php": ">=7.2"
            },
            "require-dev": {
                "codeigniter4/codeigniter4": "dev-develop",
                "codeigniter4/codeigniter4-standard": "^1.0",
                "fzaninotto/faker": "^1.9@dev",
                "mikey179/vfsstream": "^1.6",
                "phpstan/phpstan": "^0.12",
                "phpunit/phpunit": "^8.5",
                "squizlabs/php_codesniffer": "^3.5"
            },
            "type": "library",
            "autoload": {
                "psr-4": {
                    "Tatter\\Assets\\": "src"
                }
            },
            "notification-url": "https://packagist.org/downloads/",
            "license": [
                "MIT"
            ],
            "authors": [
                {
                    "name": "Matthew Gatner",
                    "email": "mgatner@tattersoftware.com",
                    "homepage": "https://tattersoftware.com",
                    "role": "Developer"
                }
            ],
            "description": "Asset publishing and loading for CodeIgniter 4",
            "homepage": "https://github.com/tattersoftware/codeigniter4-assets",
            "keywords": [
                "assets",
                "codeigniter",
                "codeigniter4",
                "css",
                "javascript",
                "loader"
            ],
            "time": "2020-09-29T00:28:22+00:00"
        },
        {
            "name": "tatter/chat",
            "version": "v1.0.1",
            "source": {
                "type": "git",
                "url": "https://github.com/tattersoftware/codeigniter4-chat.git",
                "reference": "f2a84917f3b226385de13536b99182e767f12ec1"
            },
            "dist": {
                "type": "zip",
                "url": "https://api.github.com/repos/tattersoftware/codeigniter4-chat/zipball/f2a84917f3b226385de13536b99182e767f12ec1",
                "reference": "f2a84917f3b226385de13536b99182e767f12ec1",
                "shasum": ""
            },
            "require": {
                "components/jquery": "^3.3",
                "php": ">=7.2",
                "tatter/accounts": "^1.0",
                "tatter/assets": "^2.0",
                "twbs/bootstrap": "^4.3"
            },
            "require-dev": {
                "codeigniter4/codeigniter4": "dev-develop",
                "fzaninotto/faker": "^1.9@dev",
                "mockery/mockery": "^1.0",
                "myth/auth": "dev-develop",
                "phpunit/phpunit": "^7.0"
            },
            "type": "library",
            "autoload": {
                "psr-4": {
                    "Tatter\\Chat\\": "src"
                }
            },
            "notification-url": "https://packagist.org/downloads/",
            "license": [
                "MIT"
            ],
            "authors": [
                {
                    "name": "Matthew Gatner",
                    "email": "mgatner@tattersoftware.com",
                    "homepage": "https://tattersoftware.com",
                    "role": "Developer"
                }
            ],
            "description": "Embedded chat widget for CodeIgniter 4",
            "homepage": "https://github.com/tattersoftware/codeigniter4-chat",
            "keywords": [
                "bootstrap",
                "chat",
                "codeigniter",
                "codeigniter4"
            ],
            "time": "2020-02-06T20:34:18+00:00"
        },
        {
            "name": "twbs/bootstrap",
            "version": "v4.5.3",
            "source": {
                "type": "git",
                "url": "https://github.com/twbs/bootstrap.git",
                "reference": "a716fb03f965dc0846df479e14388b1b4b93d7ce"
            },
            "dist": {
                "type": "zip",
                "url": "https://api.github.com/repos/twbs/bootstrap/zipball/a716fb03f965dc0846df479e14388b1b4b93d7ce",
                "reference": "a716fb03f965dc0846df479e14388b1b4b93d7ce",
                "shasum": ""
            },
            "replace": {
                "twitter/bootstrap": "self.version"
            },
            "type": "library",
            "extra": {
                "branch-alias": {
                    "dev-master": "3.3.x-dev"
                }
            },
            "notification-url": "https://packagist.org/downloads/",
            "license": [
                "MIT"
            ],
            "authors": [
                {
                    "name": "Mark Otto",
                    "email": "markdotto@gmail.com"
                },
                {
                    "name": "Jacob Thornton",
                    "email": "jacobthornton@gmail.com"
                }
            ],
            "description": "The most popular front-end framework for developing responsive, mobile first projects on the web.",
            "homepage": "https://getbootstrap.com/",
            "keywords": [
                "JS",
                "css",
                "framework",
                "front-end",
                "mobile-first",
                "responsive",
                "sass",
                "web"
            ],
            "funding": [
                {
                    "url": "https://opencollective.com/bootstrap",
                    "type": "open_collective"
                }
            ],
            "time": "2020-10-13T15:38:30+00:00"
        }
    ],
    "packages-dev": [],
    "aliases": [],
    "minimum-stability": "stable",
    "stability-flags": [],
    "prefer-stable": false,
    "prefer-lowest": false,
    "platform": [],
    "platform-dev": [],
    "plugin-api-version": "1.1.0"
}
